
Microsoft Visual Studio Solution File, Format Version 12.00
# Visual Studio Version 17
VisualStudioVersion = 17.2.32630.192
MinimumVisualStudioVersion = 10.0.40219.1
Project("{888888A0-9F3D-457C-B088-3A5042F75D52}") = "TMHW6", "TMHW6.pyproj", "{6BB5D6C7-5F4E-43D3-A784-0224BFCCEAE0}"
EndProject
Global
	GlobalSection(SolutionConfigurationPlatforms) = preSolution
		Debug|Any CPU = Debug|Any CPU
		Release|Any CPU = Release|Any CPU
	EndGlobalSection
	GlobalSection(ProjectConfigurationPlatforms) = postSolution
		{6BB5D6C7-5F4E-43D3-A784-0224BFCCEAE0}.Debug|Any CPU.ActiveCfg = Debug|Any CPU
		{6BB5D6C7-5F4E-43D3-A784-0224BFCCEAE0}.Release|Any CPU.ActiveCfg = Release|Any CPU
	EndGlobalSection
	GlobalSection(SolutionProperties) = preSolution
		HideSolutionNode = FALSE
	EndGlobalSection
	GlobalSection(ExtensibilityGlobals) = postSolution
		SolutionGuid = {B658ADB7-AD6C-41C8-ABE2-3C2DD7B5678E}
	EndGlobalSection
EndGlobal
